
Microsoft Visual Studio Solution File, Format Version 12.00
# Visual Studio Version 17
VisualStudioVersion = 17.12.35707.178 d17.12
MinimumVisualStudioVersion = 10.0.40219.1
Project("{FAE04EC0-301F-11D3-BF4B-00C04F79EFBC}") = "Testing", "Testing\Testing.csproj", "{5C4238EE-F708-4F43-B606-F78AF93E963C}"
EndProject
Project("{FAE04EC0-301F-11D3-BF4B-00C04F79EFBC}") = "TestProject1", "TestProject1\TestProject1.csproj", "{EE632AD2-333A-46D3-9797-4C5F4E6DD209}"
EndProject
Global
	GlobalSection(SolutionConfigurationPlatforms) = preSolution
		Debug|Any CPU = Debug|Any CPU
		Release|Any CPU = Release|Any CPU
	EndGlobalSection
	GlobalSection(ProjectConfigurationPlatforms) = postSolution
		{5C4238EE-F708-4F43-B606-F78AF93E963C}.Debug|Any CPU.ActiveCfg = Debug|Any CPU
		{5C4238EE-F708-4F43-B606-F78AF93E963C}.Debug|Any CPU.Build.0 = Debug|Any CPU
		{5C4238EE-F708-4F43-B606-F78AF93E963C}.Release|Any CPU.ActiveCfg = Release|Any CPU
		{5C4238EE-F708-4F43-B606-F78AF93E963C}.Release|Any CPU.Build.0 = Release|Any CPU
		{EE632AD2-333A-46D3-9797-4C5F4E6DD209}.Debug|Any CPU.ActiveCfg = Debug|Any CPU
		{EE632AD2-333A-46D3-9797-4C5F4E6DD209}.Debug|Any CPU.Build.0 = Debug|Any CPU
		{EE632AD2-333A-46D3-9797-4C5F4E6DD209}.Release|Any CPU.ActiveCfg = Release|Any CPU
		{EE632AD2-333A-46D3-9797-4C5F4E6DD209}.Release|Any CPU.Build.0 = Release|Any CPU
	EndGlobalSection
	GlobalSection(SolutionProperties) = preSolution
		HideSolutionNode = FALSE
	EndGlobalSection
EndGlobal
